// !$*UTF8*$!
{
	archiveVersion = 1;
	classes = {
	};
	objectVersion = 51;
	objects = {

/* Begin PBXBuildFile section */
		E1AEBDD4F3899242167E05B5 /* Pods_newsApp.framework in Frameworks */ = {isa = PBXBuildFile; fileRef = FC3802E803F280DEB7851674 /* Pods_newsApp.framework */; };
		F2209A75244E5FE70024E7D8 /* TrendingViewController.swift in Sources */ = {isa = PBXBuildFile; fileRef = F2209A74244E5FE70024E7D8 /* TrendingViewController.swift */; };
		F23E3E5A244D03E10024923A /* NewsCellArray.swift in Sources */ = {isa = PBXBuildFile; fileRef = F23E3E59244D03E10024923A /* NewsCellArray.swift */; };
		F25ED3FA244974D700076A6A /* AppDelegate.swift in Sources */ = {isa = PBXBuildFile; fileRef = F25ED3F9244974D700076A6A /* AppDelegate.swift */; };
		F25ED3FC244974D700076A6A /* SceneDelegate.swift in Sources */ = {isa = PBXBuildFile; fileRef = F25ED3FB244974D700076A6A /* SceneDelegate.swift */; };
		F25ED400244974D700076A6A /* SecondViewController.swift in Sources */ = {isa = PBXBuildFile; fileRef = F25ED3FF244974D700076A6A /* SecondViewController.swift */; };
		F25ED403244974D700076A6A /* Main.storyboard in Resources */ = {isa = PBXBuildFile; fileRef = F25ED401244974D700076A6A /* Main.storyboard */; };
		F25ED405244974D800076A6A /* Assets.xcassets in Resources */ = {isa = PBXBuildFile; fileRef = F25ED404244974D800076A6A /* Assets.xcassets */; };
		F25ED408244974D800076A6A /* LaunchScreen.storyboard in Resources */ = {isa = PBXBuildFile; fileRef = F25ED406244974D800076A6A /* LaunchScreen.storyboard */; };
		F2B93268244A7724008732F7 /* HomeTableViewController.swift in Sources */ = {isa = PBXBuildFile; fileRef = F2B93267244A7724008732F7 /* HomeTableViewController.swift */; };
		F2B9326F244A83AD008732F7 /* Weather.swift in Sources */ = {isa = PBXBuildFile; fileRef = F2B9326E244A83AD008732F7 /* Weather.swift */; };
		F2BE0693244EBF22009CCFF2 /* ResultsTableController.swift in Sources */ = {isa = PBXBuildFile; fileRef = F2BE0692244EBF22009CCFF2 /* ResultsTableController.swift */; };
		F2C58AAF244B9DA000A5B765 /* WeatherTableViewCell.swift in Sources */ = {isa = PBXBuildFile; fileRef = F2C58AAE244B9DA000A5B765 /* WeatherTableViewCell.swift */; };
		F2C58AB1244B9DC300A5B765 /* NewsTableViewCell.swift in Sources */ = {isa = PBXBuildFile; fileRef = F2C58AB0244B9DC300A5B765 /* NewsTableViewCell.swift */; };
		F2C58AB3244BABD900A5B765 /* NewsCell.swift in Sources */ = {isa = PBXBuildFile; fileRef = F2C58AB2244BABD900A5B765 /* NewsCell.swift */; };
		F2C58AB5244BC42B00A5B765 /* ArticleViewController.swift in Sources */ = {isa = PBXBuildFile; fileRef = F2C58AB4244BC42B00A5B765 /* ArticleViewController.swift */; };
		F2EE3EB0244D295F00EFFF12 /* Article.swift in Sources */ = {isa = PBXBuildFile; fileRef = F2EE3EAF244D295F00EFFF12 /* Article.swift */; };
		F2EE3EB2244D4A9300EFFF12 /* HeadlinesTableViewController.swift in Sources */ = {isa = PBXBuildFile; fileRef = F2EE3EB1244D4A9300EFFF12 /* HeadlinesTableViewController.swift */; };
		F2EE3EB4244D5B8500EFFF12 /* ParentPagerTabViewController.swift in Sources */ = {isa = PBXBuildFile; fileRef = F2EE3EB3244D5B8500EFFF12 /* ParentPagerTabViewController.swift */; };
/* End PBXBuildFile section */

/* Begin PBXFileReference section */
		390EFDE1CEB70B9E26537054 /* Pods-newsApp.release.xcconfig */ = {isa = PBXFileReference; includeInIndex = 1; lastKnownFileType = text.xcconfig; name = "Pods-newsApp.release.xcconfig"; path = "Target Support Files/Pods-newsApp/Pods-newsApp.release.xcconfig"; sourceTree = "<group>"; };
		9482857F53B3C2EEEB03B296 /* Pods-newsApp.debug.xcconfig */ = {isa = PBXFileReference; includeInIndex = 1; lastKnownFileType = text.xcconfig; name = "Pods-newsApp.debug.xcconfig"; path = "Target Support Files/Pods-newsApp/Pods-newsApp.debug.xcconfig"; sourceTree = "<group>"; };
		F2209A74244E5FE70024E7D8 /* TrendingViewController.swift */ = {isa = PBXFileReference; lastKnownFileType = sourcecode.swift; path = TrendingViewController.swift; sourceTree = "<group>"; };
		F23E3E59244D03E10024923A /* NewsCellArray.swift */ = {isa = PBXFileReference; lastKnownFileType = sourcecode.swift; path = NewsCellArray.swift; sourceTree = "<group>"; };
		F25ED3F6244974D700076A6A /* newsApp.app */ = {isa = PBXFileReference; explicitFileType = wrapper.application; includeInIndex = 0; path = newsApp.app; sourceTree = BUILT_PRODUCTS_DIR; };
		F25ED3F9244974D700076A6A /* AppDelegate.swift */ = {isa = PBXFileReference; lastKnownFileType = sourcecode.swift; path = AppDelegate.swift; sourceTree = "<group>"; };
		F25ED3FB244974D700076A6A /* SceneDelegate.swift */ = {isa = PBXFileReference; lastKnownFileType = sourcecode.swift; path = SceneDelegate.swift; sourceTree = "<group>"; };
		F25ED3FF244974D700076A6A /* SecondViewController.swift */ = {isa = PBXFileReference; lastKnownFileType = sourcecode.swift; path = SecondViewController.swift; sourceTree = "<group>"; };
		F25ED402244974D700076A6A /* Base */ = {isa = PBXFileReference; lastKnownFileType = file.storyboard; name = Base; path = Base.lproj/Main.storyboard; sourceTree = "<group>"; };
		F25ED404244974D800076A6A /* Assets.xcassets */ = {isa = PBXFileReference; lastKnownFileType = folder.assetcatalog; path = Assets.xcassets; sourceTree = "<group>"; };
		F25ED407244974D800076A6A /* Base */ = {isa = PBXFileReference; lastKnownFileType = file.storyboard; name = Base; path = Base.lproj/LaunchScreen.storyboard; sourceTree = "<group>"; };
		F25ED409244974D800076A6A /* Info.plist */ = {isa = PBXFileReference; lastKnownFileType = text.plist.xml; path = Info.plist; sourceTree = "<group>"; };
		F2B93267244A7724008732F7 /* HomeTableViewController.swift */ = {isa = PBXFileReference; lastKnownFileType = sourcecode.swift; path = HomeTableViewController.swift; sourceTree = "<group>"; };
		F2B9326E244A83AD008732F7 /* Weather.swift */ = {isa = PBXFileReference; lastKnownFileType = sourcecode.swift; path = Weather.swift; sourceTree = "<group>"; };
		F2BE0692244EBF22009CCFF2 /* ResultsTableController.swift */ = {isa = PBXFileReference; lastKnownFileType = sourcecode.swift; path = ResultsTableController.swift; sourceTree = "<group>"; };
		F2C58AAE244B9DA000A5B765 /* WeatherTableViewCell.swift */ = {isa = PBXFileReference; lastKnownFileType = sourcecode.swift; path = WeatherTableViewCell.swift; sourceTree = "<group>"; };
		F2C58AB0244B9DC300A5B765 /* NewsTableViewCell.swift */ = {isa = PBXFileReference; lastKnownFileType = sourcecode.swift; path = NewsTableViewCell.swift; sourceTree = "<group>"; };
		F2C58AB2244BABD900A5B765 /* NewsCell.swift */ = {isa = PBXFileReference; lastKnownFileType = sourcecode.swift; path = NewsCell.swift; sourceTree = "<group>"; };
		F2C58AB4244BC42B00A5B765 /* ArticleViewController.swift */ = {isa = PBXFileReference; lastKnownFileType = sourcecode.swift; path = ArticleViewController.swift; sourceTree = "<group>"; };
		F2EE3EAF244D295F00EFFF12 /* Article.swift */ = {isa = PBXFileReference; lastKnownFileType = sourcecode.swift; path = Article.swift; sourceTree = "<group>"; };
		F2EE3EB1244D4A9300EFFF12 /* HeadlinesTableViewController.swift */ = {isa = PBXFileReference; lastKnownFileType = sourcecode.swift; path = HeadlinesTableViewController.swift; sourceTree = "<group>"; };
		F2EE3EB3244D5B8500EFFF12 /* ParentPagerTabViewController.swift */ = {isa = PBXFileReference; lastKnownFileType = sourcecode.swift; path = ParentPagerTabViewController.swift; sourceTree = "<group>"; };
		FC3802E803F280DEB7851674 /* Pods_newsApp.framework */ = {isa = PBXFileReference; explicitFileType = wrapper.framework; includeInIndex = 0; path = Pods_newsApp.framework; sourceTree = BUILT_PRODUCTS_DIR; };
/* End PBXFileReference section */

/* Begin PBXFrameworksBuildPhase section */
		F25ED3F3244974D700076A6A /* Frameworks */ = {
			isa = PBXFrameworksBuildPhase;
			buildActionMask = 2147483647;
			files = (
				E1AEBDD4F3899242167E05B5 /* Pods_newsApp.framework in Frameworks */,
			);
			runOnlyForDeploymentPostprocessing = 0;
		};
/* End PBXFrameworksBuildPhase section */

/* Begin PBXGroup section */
		0B38E00774CC1CBEE49D4DC0 /* Frameworks */ = {
			isa = PBXGroup;
			children = (
				FC3802E803F280DEB7851674 /* Pods_newsApp.framework */,
			);
			name = Frameworks;
			sourceTree = "<group>";
		};
		CBCDAF2E4F1BE9B2ADB06598 /* Pods */ = {
			isa = PBXGroup;
			children = (
				9482857F53B3C2EEEB03B296 /* Pods-newsApp.debug.xcconfig */,
				390EFDE1CEB70B9E26537054 /* Pods-newsApp.release.xcconfig */,
			);
			path = Pods;
			sourceTree = "<group>";
		};
		F25ED3ED244974D700076A6A = {
			isa = PBXGroup;
			children = (
				F25ED3F8244974D700076A6A /* newsApp */,
				F25ED3F7244974D700076A6A /* Products */,
				CBCDAF2E4F1BE9B2ADB06598 /* Pods */,
				0B38E00774CC1CBEE49D4DC0 /* Frameworks */,
			);
			sourceTree = "<group>";
		};
		F25ED3F7244974D700076A6A /* Products */ = {
			isa = PBXGroup;
			children = (
				F25ED3F6244974D700076A6A /* newsApp.app */,
			);
			name = Products;
			sourceTree = "<group>";
		};
		F25ED3F8244974D700076A6A /* newsApp */ = {
			isa = PBXGroup;
			children = (
				F2B9326A244A834A008732F7 /* data */,
				F2B93269244A8323008732F7 /* controller */,
				F25ED401244974D700076A6A /* Main.storyboard */,
				F25ED406244974D800076A6A /* LaunchScreen.storyboard */,
				F25ED404244974D800076A6A /* Assets.xcassets */,
				F25ED409244974D800076A6A /* Info.plist */,
			);
			path = newsApp;
			sourceTree = "<group>";
		};
		F2B93269244A8323008732F7 /* controller */ = {
			isa = PBXGroup;
			children = (
				F2BE0692244EBF22009CCFF2 /* ResultsTableController.swift */,
				F2C58AB4244BC42B00A5B765 /* ArticleViewController.swift */,
				F2C58AB0244B9DC300A5B765 /* NewsTableViewCell.swift */,
				F2C58AAE244B9DA000A5B765 /* WeatherTableViewCell.swift */,
				F25ED3F9244974D700076A6A /* AppDelegate.swift */,
				F25ED3FB244974D700076A6A /* SceneDelegate.swift */,
				F25ED3FF244974D700076A6A /* SecondViewController.swift */,
				F2B93267244A7724008732F7 /* HomeTableViewController.swift */,
				F2EE3EB1244D4A9300EFFF12 /* HeadlinesTableViewController.swift */,
				F2EE3EB3244D5B8500EFFF12 /* ParentPagerTabViewController.swift */,
				F2209A74244E5FE70024E7D8 /* TrendingViewController.swift */,
			);
			path = controller;
			sourceTree = "<group>";
		};
		F2B9326A244A834A008732F7 /* data */ = {
			isa = PBXGroup;
			children = (
				F2B9326E244A83AD008732F7 /* Weather.swift */,
				F2C58AB2244BABD900A5B765 /* NewsCell.swift */,
				F23E3E59244D03E10024923A /* NewsCellArray.swift */,
				F2EE3EAF244D295F00EFFF12 /* Article.swift */,
			);
			path = data;
			sourceTree = "<group>";
		};
/* End PBXGroup section */

/* Begin PBXNativeTarget section */
		F25ED3F5244974D700076A6A /* newsApp */ = {
			isa = PBXNativeTarget;
			buildConfigurationList = F25ED40C244974D800076A6A /* Build configuration list for PBXNativeTarget "newsApp" */;
			buildPhases = (
				0BD6BBA3E72AF54219E764EB /* [CP] Check Pods Manifest.lock */,
				F25ED3F2244974D700076A6A /* Sources */,
				F25ED3F3244974D700076A6A /* Frameworks */,
				F25ED3F4244974D700076A6A /* Resources */,
				2680E8A1D05B7E9057E62F84 /* [CP] Embed Pods Frameworks */,
			);
			buildRules = (
			);
			dependencies = (
			);
			name = newsApp;
			productName = newsApp;
			productReference = F25ED3F6244974D700076A6A /* newsApp.app */;
			productType = "com.apple.product-type.application";
		};
/* End PBXNativeTarget section */

/* Begin PBXProject section */
		F25ED3EE244974D700076A6A /* Project object */ = {
			isa = PBXProject;
			attributes = {
				LastSwiftUpdateCheck = 1130;
				LastUpgradeCheck = 1130;
				ORGANIZATIONNAME = "Stephen Huang";
				TargetAttributes = {
					F25ED3F5244974D700076A6A = {
						CreatedOnToolsVersion = 11.3.1;
					};
				};
			};
			buildConfigurationList = F25ED3F1244974D700076A6A /* Build configuration list for PBXProject "newsApp" */;
			compatibilityVersion = "Xcode 9.3";
			developmentRegion = en;
			hasScannedForEncodings = 0;
			knownRegions = (
				en,
				Base,
			);
			mainGroup = F25ED3ED244974D700076A6A;
			productRefGroup = F25ED3F7244974D700076A6A /* Products */;
			projectDirPath = "";
			projectRoot = "";
			targets = (
				F25ED3F5244974D700076A6A /* newsApp */,
			);
		};
/* End PBXProject section */

/* Begin PBXResourcesBuildPhase section */
		F25ED3F4244974D700076A6A /* Resources */ = {
			isa = PBXResourcesBuildPhase;
			buildActionMask = 2147483647;
			files = (
				F25ED408244974D800076A6A /* LaunchScreen.storyboard in Resources */,
				F25ED405244974D800076A6A /* Assets.xcassets in Resources */,
				F25ED403244974D700076A6A /* Main.storyboard in Resources */,
			);
			runOnlyForDeploymentPostprocessing = 0;
		};
/* End PBXResourcesBuildPhase section */

/* Begin PBXShellScriptBuildPhase section */
		0BD6BBA3E72AF54219E764EB /* [CP] Check Pods Manifest.lock */ = {
			isa = PBXShellScriptBuildPhase;
			buildActionMask = 2147483647;
			files = (
			);
			inputFileListPaths = (
			);
			inputPaths = (
				"${PODS_PODFILE_DIR_PATH}/Podfile.lock",
				"${PODS_ROOT}/Manifest.lock",
			);
			name = "[CP] Check Pods Manifest.lock";
			outputFileListPaths = (
			);
			outputPaths = (
				"$(DERIVED_FILE_DIR)/Pods-newsApp-checkManifestLockResult.txt",
			);
			runOnlyForDeploymentPostprocessing = 0;
			shellPath = /bin/sh;
			shellScript = "diff \"${PODS_PODFILE_DIR_PATH}/Podfile.lock\" \"${PODS_ROOT}/Manifest.lock\" > /dev/null\nif [ $? != 0 ] ; then\n    # print error to STDERR\n    echo \"error: The sandbox is not in sync with the Podfile.lock. Run 'pod install' or update your CocoaPods installation.\" >&2\n    exit 1\nfi\n# This output is used by Xcode 'outputs' to avoid re-running this script phase.\necho \"SUCCESS\" > \"${SCRIPT_OUTPUT_FILE_0}\"\n";
			showEnvVarsInLog = 0;
		};
		2680E8A1D05B7E9057E62F84 /* [CP] Embed Pods Frameworks */ = {
			isa = PBXShellScriptBuildPhase;
			buildActionMask = 2147483647;
			files = (
			);
			inputFileListPaths = (
				"${PODS_ROOT}/Target Support Files/Pods-newsApp/Pods-newsApp-frameworks-${CONFIGURATION}-input-files.xcfilelist",
			);
			name = "[CP] Embed Pods Frameworks";
			outputFileListPaths = (
				"${PODS_ROOT}/Target Support Files/Pods-newsApp/Pods-newsApp-frameworks-${CONFIGURATION}-output-files.xcfilelist",
			);
			runOnlyForDeploymentPostprocessing = 0;
			shellPath = /bin/sh;
			shellScript = "\"${PODS_ROOT}/Target Support Files/Pods-newsApp/Pods-newsApp-frameworks.sh\"\n";
			showEnvVarsInLog = 0;
		};
/* End PBXShellScriptBuildPhase section */

/* Begin PBXSourcesBuildPhase section */
		F25ED3F2244974D700076A6A /* Sources */ = {
			isa = PBXSourcesBuildPhase;
			buildActionMask = 2147483647;
			files = (
				F2EE3EB0244D295F00EFFF12 /* Article.swift in Sources */,
				F2EE3EB2244D4A9300EFFF12 /* HeadlinesTableViewController.swift in Sources */,
				F2C58AAF244B9DA000A5B765 /* WeatherTableViewCell.swift in Sources */,
				F2C58AB1244B9DC300A5B765 /* NewsTableViewCell.swift in Sources */,
				F25ED400244974D700076A6A /* SecondViewController.swift in Sources */,
				F25ED3FA244974D700076A6A /* AppDelegate.swift in Sources */,
				F2BE0693244EBF22009CCFF2 /* ResultsTableController.swift in Sources */,
				F2C58AB5244BC42B00A5B765 /* ArticleViewController.swift in Sources */,
				F2209A75244E5FE70024E7D8 /* TrendingViewController.swift in Sources */,
				F23E3E5A244D03E10024923A /* NewsCellArray.swift in Sources */,
				F25ED3FC244974D700076A6A /* SceneDelegate.swift in Sources */,
				F2EE3EB4244D5B8500EFFF12 /* ParentPagerTabViewController.swift in Sources */,
				F2B9326F244A83AD008732F7 /* Weather.swift in Sources */,
				F2C58AB3244BABD900A5B765 /* NewsCell.swift in Sources */,
				F2B93268244A7724008732F7 /* HomeTableViewController.swift in Sources */,
			);
			runOnlyForDeploymentPostprocessing = 0;
		};
/* End PBXSourcesBuildPhase section */

/* Begin PBXVariantGroup section */
		F25ED401244974D700076A6A /* Main.storyboard */ = {
			isa = PBXVariantGroup;
			children = (
				F25ED402244974D700076A6A /* Base */,
			);
			name = Main.storyboard;
			sourceTree = "<group>";
		};
		F25ED406244974D800076A6A /* LaunchScreen.storyboard */ = {
			isa = PBXVariantGroup;
			children = (
				F25ED407244974D800076A6A /* Base */,
			);
			name = LaunchScreen.storyboard;
			sourceTree = "<group>";
		};
/* End PBXVariantGroup section */

/* Begin XCBuildConfiguration section */
		F25ED40A244974D800076A6A /* Debug */ = {
			isa = XCBuildConfiguration;
			buildSettings = {
				ALWAYS_SEARCH_USER_PATHS = NO;
				CLANG_ANALYZER_NONNULL = YES;
				CLANG_ANALYZER_NUMBER_OBJECT_CONVERSION = YES_AGGRESSIVE;
				CLANG_CXX_LANGUAGE_STANDARD = "gnu++14";
				CLANG_CXX_LIBRARY = "libc++";
				CLANG_ENABLE_MODULES = YES;
				CLANG_ENABLE_OBJC_ARC = YES;
				CLANG_ENABLE_OBJC_WEAK = YES;
				CLANG_WARN_BLOCK_CAPTURE_AUTORELEASING = YES;
				CLANG_WARN_BOOL_CONVERSION = YES;
				CLANG_WARN_COMMA = YES;
				CLANG_WARN_CONSTANT_CONVERSION = YES;
				CLANG_WARN_DEPRECATED_OBJC_IMPLEMENTATIONS = YES;
				CLANG_WARN_DIRECT_OBJC_ISA_USAGE = YES_ERROR;
				CLANG_WARN_DOCUMENTATION_COMMENTS = YES;
				CLANG_WARN_EMPTY_BODY = YES;
				CLANG_WARN_ENUM_CONVERSION = YES;
				CLANG_WARN_INFINITE_RECURSION = YES;
				CLANG_WARN_INT_CONVERSION = YES;
				CLANG_WARN_NON_LITERAL_NULL_CONVERSION = YES;
				CLANG_WARN_OBJC_IMPLICIT_RETAIN_SELF = YES;
				CLANG_WARN_OBJC_LITERAL_CONVERSION = YES;
				CLANG_WARN_OBJC_ROOT_CLASS = YES_ERROR;
				CLANG_WARN_RANGE_LOOP_ANALYSIS = YES;
				CLANG_WARN_STRICT_PROTOTYPES = YES;
				CLANG_WARN_SUSPICIOUS_MOVE = YES;
				CLANG_WARN_UNGUARDED_AVAILABILITY = YES_AGGRESSIVE;
				CLANG_WARN_UNREACHABLE_CODE = YES;
				CLANG_WARN__DUPLICATE_METHOD_MATCH = YES;
				COPY_PHASE_STRIP = NO;
				DEBUG_INFORMATION_FORMAT = dwarf;
				ENABLE_STRICT_OBJC_MSGSEND = YES;
				ENABLE_TESTABILITY = YES;
				GCC_C_LANGUAGE_STANDARD = gnu11;
				GCC_DYNAMIC_NO_PIC = NO;
				GCC_NO_COMMON_BLOCKS = YES;
				GCC_OPTIMIZATION_LEVEL = 0;
				GCC_PREPROCESSOR_DEFINITIONS = (
					"DEBUG=1",
					"$(inherited)",
				);
				GCC_WARN_64_TO_32_BIT_CONVERSION = YES;
				GCC_WARN_ABOUT_RETURN_TYPE = YES_ERROR;
				GCC_WARN_UNDECLARED_SELECTOR = YES;
				GCC_WARN_UNINITIALIZED_AUTOS = YES_AGGRESSIVE;
				GCC_WARN_UNUSED_FUNCTION = YES;
				GCC_WARN_UNUSED_VARIABLE = YES;
				IPHONEOS_DEPLOYMENT_TARGET = 13.2;
				MTL_ENABLE_DEBUG_INFO = INCLUDE_SOURCE;
				MTL_FAST_MATH = YES;
				ONLY_ACTIVE_ARCH = YES;
				SDKROOT = iphoneos;
				SWIFT_ACTIVE_COMPILATION_CONDITIONS = DEBUG;
				SWIFT_OPTIMIZATION_LEVEL = "-Onone";
			};
			name = Debug;
		};
		F25ED40B244974D800076A6A /* Release */ = {
			isa = XCBuildConfiguration;
			buildSettings = {
				ALWAYS_SEARCH_USER_PATHS = NO;
				CLANG_ANALYZER_NONNULL = YES;
				CLANG_ANALYZER_NUMBER_OBJECT_CONVERSION = YES_AGGRESSIVE;
				CLANG_CXX_LANGUAGE_STANDARD = "gnu++14";
				CLANG_CXX_LIBRARY = "libc++";
				CLANG_ENABLE_MODULES = YES;
				CLANG_ENABLE_OBJC_ARC = YES;
				CLANG_ENABLE_OBJC_WEAK = YES;
				CLANG_WARN_BLOCK_CAPTURE_AUTORELEASING = YES;
				CLANG_WARN_BOOL_CONVERSION = YES;
				CLANG_WARN_COMMA = YES;
				CLANG_WARN_CONSTANT_CONVERSION = YES;
				CLANG_WARN_DEPRECATED_OBJC_IMPLEMENTATIONS = YES;
				CLANG_WARN_DIRECT_OBJC_ISA_USAGE = YES_ERROR;
				CLANG_WARN_DOCUMENTATION_COMMENTS = YES;
				CLANG_WARN_EMPTY_BODY = YES;
				CLANG_WARN_ENUM_CONVERSION = YES;
				CLANG_WARN_INFINITE_RECURSION = YES;
				CLANG_WARN_INT_CONVERSION = YES;
				CLANG_WARN_NON_LITERAL_NULL_CONVERSION = YES;
				CLANG_WARN_OBJC_IMPLICIT_RETAIN_SELF = YES;
				CLANG_WARN_OBJC_LITERAL_CONVERSION = YES;
				CLANG_WARN_OBJC_ROOT_CLASS = YES_ERROR;
				CLANG_WARN_RANGE_LOOP_ANALYSIS = YES;
				CLANG_WARN_STRICT_PROTOTYPES = YES;
				CLANG_WARN_SUSPICIOUS_MOVE = YES;
				CLANG_WARN_UNGUARDED_AVAILABILITY = YES_AGGRESSIVE;
				CLANG_WARN_UNREACHABLE_CODE = YES;
				CLANG_WARN__DUPLICATE_METHOD_MATCH = YES;
				COPY_PHASE_STRIP = NO;
				DEBUG_INFORMATION_FORMAT = "dwarf-with-dsym";
				ENABLE_NS_ASSERTIONS = NO;
				ENABLE_STRICT_OBJC_MSGSEND = YES;
				GCC_C_LANGUAGE_STANDARD = gnu11;
				GCC_NO_COMMON_BLOCKS = YES;
				GCC_WARN_64_TO_32_BIT_CONVERSION = YES;
				GCC_WARN_ABOUT_RETURN_TYPE = YES_ERROR;
				GCC_WARN_UNDECLARED_SELECTOR = YES;
				GCC_WARN_UNINITIALIZED_AUTOS = YES_AGGRESSIVE;
				GCC_WARN_UNUSED_FUNCTION = YES;
				GCC_WARN_UNUSED_VARIABLE = YES;
				IPHONEOS_DEPLOYMENT_TARGET = 13.2;
				MTL_ENABLE_DEBUG_INFO = NO;
				MTL_FAST_MATH = YES;
				SDKROOT = iphoneos;
				SWIFT_COMPILATION_MODE = wholemodule;
				SWIFT_OPTIMIZATION_LEVEL = "-O";
				VALIDATE_PRODUCT = YES;
			};
			name = Release;
		};
		F25ED40D244974D800076A6A /* Debug */ = {
			isa = XCBuildConfiguration;
			baseConfigurationReference = 9482857F53B3C2EEEB03B296 /* Pods-newsApp.debug.xcconfig */;
			buildSettings = {
				ASSETCATALOG_COMPILER_APPICON_NAME = AppIcon;
				CODE_SIGN_STYLE = Automatic;
				DEVELOPMENT_TEAM = ZM98YA3N77;
				INFOPLIST_FILE = newsApp/Info.plist;
				LD_RUNPATH_SEARCH_PATHS = (
					"$(inherited)",
					"@executable_path/Frameworks",
				);
				PRODUCT_BUNDLE_IDENTIFIER = com.freevar.weijihua.newsApp;
				PRODUCT_NAME = "$(TARGET_NAME)";
				SWIFT_VERSION = 5.0;
				TARGETED_DEVICE_FAMILY = "1,2";
			};
			name = Debug;
		};
		F25ED40E244974D800076A6A /* Release */ = {
			isa = XCBuildConfiguration;
			baseConfigurationReference = 390EFDE1CEB70B9E26537054 /* Pods-newsApp.release.xcconfig */;
			buildSettings = {
				ASSETCATALOG_COMPILER_APPICON_NAME = AppIcon;
				CODE_SIGN_STYLE = Automatic;
				DEVELOPMENT_TEAM = ZM98YA3N77;
				INFOPLIST_FILE = newsApp/Info.plist;
				LD_RUNPATH_SEARCH_PATHS = (
					"$(inherited)",
					"@executable_path/Frameworks",
				);
				PRODUCT_BUNDLE_IDENTIFIER = com.freevar.weijihua.newsApp;
				PRODUCT_NAME = "$(TARGET_NAME)";
				SWIFT_VERSION = 5.0;
				TARGETED_DEVICE_FAMILY = "1,2";
			};
			name = Release;
		};
/* End XCBuildConfiguration section */

/* Begin XCConfigurationList section */
		F25ED3F1244974D700076A6A /* Build configuration list for PBXProject "newsApp" */ = {
			isa = XCConfigurationList;
			buildConfigurations = (
				F25ED40A244974D800076A6A /* Debug */,
				F25ED40B244974D800076A6A /* Release */,
			);
			defaultConfigurationIsVisible = 0;
			defaultConfigurationName = Release;
		};
		F25ED40C244974D800076A6A /* Build configuration list for PBXNativeTarget "newsApp" */ = {
			isa = XCConfigurationList;
			buildConfigurations = (
				F25ED40D244974D800076A6A /* Debug */,
				F25ED40E244974D800076A6A /* Release */,
			);
			defaultConfigurationIsVisible = 0;
			defaultConfigurationName = Release;
		};
/* End XCConfigurationList section */
	};
	rootObject = F25ED3EE244974D700076A6A /* Project object */;
}
